
Microsoft Visual Studio Solution File, Format Version 12.00
# Visual Studio Version 16
VisualStudioVersion = 16.0.29728.190
MinimumVisualStudioVersion = 10.0.40219.1
Project("{9A19103F-16F7-4668-BE54-9A1E7A4F7556}") = "ECSTestAPI", "ECSTestAPI\ECSTestAPI.csproj", "{B7951571-6080-42BA-8EF7-782B04561706}"
EndProject
Project("{FAE04EC0-301F-11D3-BF4B-00C04F79EFBC}") = "UnitTest", "UnitTest\UnitTest.csproj", "{CA2695E8-A287-44FB-8ABC-FC24F9B91FF9}"
EndProject
Global
	GlobalSection(SolutionConfigurationPlatforms) = preSolution
		Debug|Any CPU = Debug|Any CPU
		Release|Any CPU = Release|Any CPU
	EndGlobalSection
	GlobalSection(ProjectConfigurationPlatforms) = postSolution
		{B7951571-6080-42BA-8EF7-782B04561706}.Debug|Any CPU.ActiveCfg = Debug|Any CPU
		{B7951571-6080-42BA-8EF7-782B04561706}.Debug|Any CPU.Build.0 = Debug|Any CPU
		{B7951571-6080-42BA-8EF7-782B04561706}.Release|Any CPU.ActiveCfg = Release|Any CPU
		{B7951571-6080-42BA-8EF7-782B04561706}.Release|Any CPU.Build.0 = Release|Any CPU
		{CA2695E8-A287-44FB-8ABC-FC24F9B91FF9}.Debug|Any CPU.ActiveCfg = Debug|Any CPU
		{CA2695E8-A287-44FB-8ABC-FC24F9B91FF9}.Debug|Any CPU.Build.0 = Debug|Any CPU
		{CA2695E8-A287-44FB-8ABC-FC24F9B91FF9}.Release|Any CPU.ActiveCfg = Release|Any CPU
		{CA2695E8-A287-44FB-8ABC-FC24F9B91FF9}.Release|Any CPU.Build.0 = Release|Any CPU
	EndGlobalSection
	GlobalSection(SolutionProperties) = preSolution
		HideSolutionNode = FALSE
	EndGlobalSection
	GlobalSection(ExtensibilityGlobals) = postSolution
		SolutionGuid = {F2C72858-D6A0-4618-A0F4-3613E008E04E}
	EndGlobalSection
EndGlobal
